// !$*UTF8*$!
{
	archiveVersion = 1;
	classes = {
	};
	objectVersion = 77;
	objects = {

/* Begin PBXBuildFile section */
		A1B2C3D42F6A000000543FCE /* SnapKit in Frameworks */ = {isa = PBXBuildFile; productRef = A1B2C3DB2F6A000000543FCE /* SnapKit */; };
		A1B2C3D52F6A000000543FCE /* GRDB in Frameworks */ = {isa = PBXBuildFile; productRef = A1B2C3DC2F6A000000543FCE /* GRDB */; };
		A1B2C3D62F6A000000543FCE /* Sparkle in Frameworks */ = {isa = PBXBuildFile; productRef = A1B2C3DD2F6A000000543FCE /* Sparkle */; };
/* End PBXBuildFile section */

/* Begin PBXContainerItemProxy section */
		95AE16DC2F67164900543FCE /* PBXContainerItemProxy */ = {
			isa = PBXContainerItemProxy;
			containerPortal = 95AE16C02F67164700543FCE /* Project object */;
			proxyType = 1;
			remoteGlobalIDString = 95AE16C72F67164700543FCE;
			remoteInfo = ProfileSmith;
		};
		95AE16E62F67164900543FCE /* PBXContainerItemProxy */ = {
			isa = PBXContainerItemProxy;
			containerPortal = 95AE16C02F67164700543FCE /* Project object */;
			proxyType = 1;
			remoteGlobalIDString = 95AE16C72F67164700543FCE;
			remoteInfo = ProfileSmith;
		};
/* End PBXContainerItemProxy section */

/* Begin PBXFileReference section */
		95AE16C82F67164700543FCE /* ProfileSmith.app */ = {isa = PBXFileReference; explicitFileType = wrapper.application; includeInIndex = 0; path = ProfileSmith.app; sourceTree = BUILT_PRODUCTS_DIR; };
		95AE16DB2F67164900543FCE /* ProfileSmithTests.xctest */ = {isa = PBXFileReference; explicitFileType = wrapper.cfbundle; includeInIndex = 0; path = ProfileSmithTests.xctest; sourceTree = BUILT_PRODUCTS_DIR; };
		95AE16E52F67164900543FCE /* ProfileSmithUITests.xctest */ = {isa = PBXFileReference; explicitFileType = wrapper.cfbundle; includeInIndex = 0; path = ProfileSmithUITests.xctest; sourceTree = BUILT_PRODUCTS_DIR; };
/* End PBXFileReference section */

/* Begin PBXFileSystemSynchronizedRootGroup section */
		95AE16CA2F67164700543FCE /* ProfileSmith */ = {
			isa = PBXFileSystemSynchronizedRootGroup;
			path = ProfileSmith;
			sourceTree = "<group>";
		};
		95AE16DE2F67164900543FCE /* ProfileSmithTests */ = {
			isa = PBXFileSystemSynchronizedRootGroup;
			path = ProfileSmithTests;
			sourceTree = "<group>";
		};
		95AE16E82F67164900543FCE /* ProfileSmithUITests */ = {
			isa = PBXFileSystemSynchronizedRootGroup;
			path = ProfileSmithUITests;
			sourceTree = "<group>";
		};
/* End PBXFileSystemSynchronizedRootGroup section */

/* Begin PBXFrameworksBuildPhase section */
		95AE16C52F67164700543FCE /* Frameworks */ = {
			isa = PBXFrameworksBuildPhase;
			buildActionMask = 2147483647;
			files = (
				A1B2C3D42F6A000000543FCE /* SnapKit in Frameworks */,
				A1B2C3D52F6A000000543FCE /* GRDB in Frameworks */,
				A1B2C3D62F6A000000543FCE /* Sparkle in Frameworks */,
			);
			runOnlyForDeploymentPostprocessing = 0;
		};
		95AE16D82F67164900543FCE /* Frameworks */ = {
			isa = PBXFrameworksBuildPhase;
			buildActionMask = 2147483647;
			files = (
			);
			runOnlyForDeploymentPostprocessing = 0;
		};
		95AE16E22F67164900543FCE /* Frameworks */ = {
			isa = PBXFrameworksBuildPhase;
			buildActionMask = 2147483647;
			files = (
			);
			runOnlyForDeploymentPostprocessing = 0;
		};
/* End PBXFrameworksBuildPhase section */

/* Begin PBXGroup section */
		95AE16BF2F67164700543FCE = {
			isa = PBXGroup;
			children = (
				95AE16CA2F67164700543FCE /* ProfileSmith */,
				95AE16DE2F67164900543FCE /* ProfileSmithTests */,
				95AE16E82F67164900543FCE /* ProfileSmithUITests */,
				95AE16C92F67164700543FCE /* Products */,
			);
			sourceTree = "<group>";
		};
		95AE16C92F67164700543FCE /* Products */ = {
			isa = PBXGroup;
			children = (
				95AE16C82F67164700543FCE /* ProfileSmith.app */,
				95AE16DB2F67164900543FCE /* ProfileSmithTests.xctest */,
				95AE16E52F67164900543FCE /* ProfileSmithUITests.xctest */,
			);
			name = Products;
			sourceTree = "<group>";
		};
/* End PBXGroup section */

/* Begin PBXNativeTarget section */
		95AE16C72F67164700543FCE /* ProfileSmith */ = {
			isa = PBXNativeTarget;
			buildConfigurationList = 95AE16EF2F67164900543FCE /* Build configuration list for PBXNativeTarget "ProfileSmith" */;
			buildPhases = (
				95AE16C42F67164700543FCE /* Sources */,
				95AE16C52F67164700543FCE /* Frameworks */,
				A1B2C3DE2F6A000000543FCE /* Build Quick Look Plugin */,
				95AE16C62F67164700543FCE /* Resources */,
			);
			buildRules = (
			);
			dependencies = (
			);
			fileSystemSynchronizedGroups = (
				95AE16CA2F67164700543FCE /* ProfileSmith */,
			);
			name = ProfileSmith;
			packageProductDependencies = (
				A1B2C3DB2F6A000000543FCE /* SnapKit */,
				A1B2C3DC2F6A000000543FCE /* GRDB */,
				A1B2C3DD2F6A000000543FCE /* Sparkle */,
			);
			productName = ProfileSmith;
			productReference = 95AE16C82F67164700543FCE /* ProfileSmith.app */;
			productType = "com.apple.product-type.application";
		};
		95AE16DA2F67164900543FCE /* ProfileSmithTests */ = {
			isa = PBXNativeTarget;
			buildConfigurationList = 95AE16F22F67164900543FCE /* Build configuration list for PBXNativeTarget "ProfileSmithTests" */;
			buildPhases = (
				95AE16D72F67164900543FCE /* Sources */,
				95AE16D82F67164900543FCE /* Frameworks */,
				95AE16D92F67164900543FCE /* Resources */,
			);
			buildRules = (
			);
			dependencies = (
				95AE16DD2F67164900543FCE /* PBXTargetDependency */,
			);
			fileSystemSynchronizedGroups = (
				95AE16DE2F67164900543FCE /* ProfileSmithTests */,
			);
			name = ProfileSmithTests;
			packageProductDependencies = (
			);
			productName = ProfileSmithTests;
			productReference = 95AE16DB2F67164900543FCE /* ProfileSmithTests.xctest */;
			productType = "com.apple.product-type.bundle.unit-test";
		};
		95AE16E42F67164900543FCE /* ProfileSmithUITests */ = {
			isa = PBXNativeTarget;
			buildConfigurationList = 95AE16F52F67164900543FCE /* Build configuration list for PBXNativeTarget "ProfileSmithUITests" */;
			buildPhases = (
				95AE16E12F67164900543FCE /* Sources */,
				95AE16E22F67164900543FCE /* Frameworks */,
				95AE16E32F67164900543FCE /* Resources */,
			);
			buildRules = (
			);
			dependencies = (
				95AE16E72F67164900543FCE /* PBXTargetDependency */,
			);
			fileSystemSynchronizedGroups = (
				95AE16E82F67164900543FCE /* ProfileSmithUITests */,
			);
			name = ProfileSmithUITests;
			packageProductDependencies = (
			);
			productName = ProfileSmithUITests;
			productReference = 95AE16E52F67164900543FCE /* ProfileSmithUITests.xctest */;
			productType = "com.apple.product-type.bundle.ui-testing";
		};
/* End PBXNativeTarget section */

/* Begin PBXProject section */
		95AE16C02F67164700543FCE /* Project object */ = {
			isa = PBXProject;
			attributes = {
				BuildIndependentTargetsInParallel = 1;
				LastSwiftUpdateCheck = 2630;
				LastUpgradeCheck = 2630;
				TargetAttributes = {
					95AE16C72F67164700543FCE = {
						CreatedOnToolsVersion = 26.3;
					};
					95AE16DA2F67164900543FCE = {
						CreatedOnToolsVersion = 26.3;
						TestTargetID = 95AE16C72F67164700543FCE;
					};
					95AE16E42F67164900543FCE = {
						CreatedOnToolsVersion = 26.3;
						TestTargetID = 95AE16C72F67164700543FCE;
					};
				};
			};
			buildConfigurationList = 95AE16C32F67164700543FCE /* Build configuration list for PBXProject "ProfileSmith" */;
			developmentRegion = en;
			hasScannedForEncodings = 0;
			knownRegions = (
				en,
				Base,
				"zh-Hans",
				"zh-Hant",
			);
			mainGroup = 95AE16BF2F67164700543FCE;
			minimizedProjectReferenceProxies = 1;
			packageReferences = (
				A1B2C3D82F6A000000543FCE /* XCLocalSwiftPackageReference "Vendor/SnapKit" */,
				A1B2C3D92F6A000000543FCE /* XCLocalSwiftPackageReference "Vendor/GRDB.swift" */,
				A1B2C3DA2F6A000000543FCE /* XCLocalSwiftPackageReference "Vendor/Sparkle" */,
			);
			preferredProjectObjectVersion = 77;
			productRefGroup = 95AE16C92F67164700543FCE /* Products */;
			projectDirPath = "";
			projectRoot = "";
			targets = (
				95AE16C72F67164700543FCE /* ProfileSmith */,
				95AE16DA2F67164900543FCE /* ProfileSmithTests */,
				95AE16E42F67164900543FCE /* ProfileSmithUITests */,
			);
		};
/* End PBXProject section */

/* Begin PBXResourcesBuildPhase section */
		95AE16C62F67164700543FCE /* Resources */ = {
			isa = PBXResourcesBuildPhase;
			buildActionMask = 2147483647;
			files = (
			);
			runOnlyForDeploymentPostprocessing = 0;
		};
		95AE16D92F67164900543FCE /* Resources */ = {
			isa = PBXResourcesBuildPhase;
			buildActionMask = 2147483647;
			files = (
			);
			runOnlyForDeploymentPostprocessing = 0;
		};
		95AE16E32F67164900543FCE /* Resources */ = {
			isa = PBXResourcesBuildPhase;
			buildActionMask = 2147483647;
			files = (
			);
			runOnlyForDeploymentPostprocessing = 0;
		};
/* End PBXResourcesBuildPhase section */

/* Begin PBXShellScriptBuildPhase section */
		A1B2C3DE2F6A000000543FCE /* Build Quick Look Plugin */ = {
			isa = PBXShellScriptBuildPhase;
			alwaysOutOfDate = 1;
			buildActionMask = 2147483647;
			files = (
			);
			inputPaths = (
			);
			name = "Build Quick Look Plugin";
			outputPaths = (
			);
			runOnlyForDeploymentPostprocessing = 0;
			shellPath = /bin/sh;
			shellScript = "\"$PROJECT_DIR/scripts/build_quicklook_plugin.sh\"\n";
		};
/* End PBXShellScriptBuildPhase section */

/* Begin PBXSourcesBuildPhase section */
		95AE16C42F67164700543FCE /* Sources */ = {
			isa = PBXSourcesBuildPhase;
			buildActionMask = 2147483647;
			files = (
			);
			runOnlyForDeploymentPostprocessing = 0;
		};
		95AE16D72F67164900543FCE /* Sources */ = {
			isa = PBXSourcesBuildPhase;
			buildActionMask = 2147483647;
			files = (
			);
			runOnlyForDeploymentPostprocessing = 0;
		};
		95AE16E12F67164900543FCE /* Sources */ = {
			isa = PBXSourcesBuildPhase;
			buildActionMask = 2147483647;
			files = (
			);
			runOnlyForDeploymentPostprocessing = 0;
		};
/* End PBXSourcesBuildPhase section */

/* Begin PBXTargetDependency section */
		95AE16DD2F67164900543FCE /* PBXTargetDependency */ = {
			isa = PBXTargetDependency;
			target = 95AE16C72F67164700543FCE /* ProfileSmith */;
			targetProxy = 95AE16DC2F67164900543FCE /* PBXContainerItemProxy */;
		};
		95AE16E72F67164900543FCE /* PBXTargetDependency */ = {
			isa = PBXTargetDependency;
			target = 95AE16C72F67164700543FCE /* ProfileSmith */;
			targetProxy = 95AE16E62F67164900543FCE /* PBXContainerItemProxy */;
		};
/* End PBXTargetDependency section */

/* Begin XCBuildConfiguration section */
		95AE16ED2F67164900543FCE /* Debug */ = {
			isa = XCBuildConfiguration;
			buildSettings = {
				ALWAYS_SEARCH_USER_PATHS = NO;
				ASSETCATALOG_COMPILER_GENERATE_SWIFT_ASSET_SYMBOL_EXTENSIONS = YES;
				CLANG_ANALYZER_NONNULL = YES;
				CLANG_ANALYZER_NUMBER_OBJECT_CONVERSION = YES_AGGRESSIVE;
				CLANG_CXX_LANGUAGE_STANDARD = "gnu++20";
				CLANG_ENABLE_MODULES = YES;
				CLANG_ENABLE_OBJC_ARC = YES;
				CLANG_ENABLE_OBJC_WEAK = YES;
				CLANG_WARN_BLOCK_CAPTURE_AUTORELEASING = YES;
				CLANG_WARN_BOOL_CONVERSION = YES;
				CLANG_WARN_COMMA = YES;
				CLANG_WARN_CONSTANT_CONVERSION = YES;
				CLANG_WARN_DEPRECATED_OBJC_IMPLEMENTATIONS = YES;
				CLANG_WARN_DIRECT_OBJC_ISA_USAGE = YES_ERROR;
				CLANG_WARN_DOCUMENTATION_COMMENTS = YES;
				CLANG_WARN_EMPTY_BODY = YES;
				CLANG_WARN_ENUM_CONVERSION = YES;
				CLANG_WARN_INFINITE_RECURSION = YES;
				CLANG_WARN_INT_CONVERSION = YES;
				CLANG_WARN_NON_LITERAL_NULL_CONVERSION = YES;
				CLANG_WARN_OBJC_IMPLICIT_RETAIN_SELF = YES;
				CLANG_WARN_OBJC_LITERAL_CONVERSION = YES;
				CLANG_WARN_OBJC_ROOT_CLASS = YES_ERROR;
				CLANG_WARN_QUOTED_INCLUDE_IN_FRAMEWORK_HEADER = YES;
				CLANG_WARN_RANGE_LOOP_ANALYSIS = YES;
				CLANG_WARN_STRICT_PROTOTYPES = YES;
				CLANG_WARN_SUSPICIOUS_MOVE = YES;
				CLANG_WARN_UNGUARDED_AVAILABILITY = YES_AGGRESSIVE;
				CLANG_WARN_UNREACHABLE_CODE = YES;
				CLANG_WARN__DUPLICATE_METHOD_MATCH = YES;
				COPY_PHASE_STRIP = NO;
				DEBUG_INFORMATION_FORMAT = dwarf;
				DEVELOPMENT_TEAM = X6B6C6U6QV;
				ENABLE_STRICT_OBJC_MSGSEND = YES;
				ENABLE_TESTABILITY = YES;
				ENABLE_USER_SCRIPT_SANDBOXING = YES;
				GCC_C_LANGUAGE_STANDARD = gnu17;
				GCC_DYNAMIC_NO_PIC = NO;
				GCC_NO_COMMON_BLOCKS = YES;
				GCC_OPTIMIZATION_LEVEL = 0;
				GCC_PREPROCESSOR_DEFINITIONS = (
					"DEBUG=1",
					"$(inherited)",
				);
				GCC_WARN_64_TO_32_BIT_CONVERSION = YES;
				GCC_WARN_ABOUT_RETURN_TYPE = YES_ERROR;
				GCC_WARN_UNDECLARED_SELECTOR = YES;
				GCC_WARN_UNINITIALIZED_AUTOS = YES_AGGRESSIVE;
				GCC_WARN_UNUSED_FUNCTION = YES;
				GCC_WARN_UNUSED_VARIABLE = YES;
				LOCALIZATION_PREFERS_STRING_CATALOGS = YES;
				MACOSX_DEPLOYMENT_TARGET = 10.15;
				MTL_ENABLE_DEBUG_INFO = INCLUDE_SOURCE;
				MTL_FAST_MATH = YES;
				ONLY_ACTIVE_ARCH = YES;
				SDKROOT = macosx;
				SWIFT_ACTIVE_COMPILATION_CONDITIONS = "DEBUG $(inherited)";
				SWIFT_OPTIMIZATION_LEVEL = "-Onone";
			};
			name = Debug;
		};
		95AE16EE2F67164900543FCE /* Release */ = {
			isa = XCBuildConfiguration;
			buildSettings = {
				ALWAYS_SEARCH_USER_PATHS = NO;
				ASSETCATALOG_COMPILER_GENERATE_SWIFT_ASSET_SYMBOL_EXTENSIONS = YES;
				CLANG_ANALYZER_NONNULL = YES;
				CLANG_ANALYZER_NUMBER_OBJECT_CONVERSION = YES_AGGRESSIVE;
				CLANG_CXX_LANGUAGE_STANDARD = "gnu++20";
				CLANG_ENABLE_MODULES = YES;
				CLANG_ENABLE_OBJC_ARC = YES;
				CLANG_ENABLE_OBJC_WEAK = YES;
				CLANG_WARN_BLOCK_CAPTURE_AUTORELEASING = YES;
				CLANG_WARN_BOOL_CONVERSION = YES;
				CLANG_WARN_COMMA = YES;
				CLANG_WARN_CONSTANT_CONVERSION = YES;
				CLANG_WARN_DEPRECATED_OBJC_IMPLEMENTATIONS = YES;
				CLANG_WARN_DIRECT_OBJC_ISA_USAGE = YES_ERROR;
				CLANG_WARN_DOCUMENTATION_COMMENTS = YES;
				CLANG_WARN_EMPTY_BODY = YES;
				CLANG_WARN_ENUM_CONVERSION = YES;
				CLANG_WARN_INFINITE_RECURSION = YES;
				CLANG_WARN_INT_CONVERSION = YES;
				CLANG_WARN_NON_LITERAL_NULL_CONVERSION = YES;
				CLANG_WARN_OBJC_IMPLICIT_RETAIN_SELF = YES;
				CLANG_WARN_OBJC_LITERAL_CONVERSION = YES;
				CLANG_WARN_OBJC_ROOT_CLASS = YES_ERROR;
				CLANG_WARN_QUOTED_INCLUDE_IN_FRAMEWORK_HEADER = YES;
				CLANG_WARN_RANGE_LOOP_ANALYSIS = YES;
				CLANG_WARN_STRICT_PROTOTYPES = YES;
				CLANG_WARN_SUSPICIOUS_MOVE = YES;
				CLANG_WARN_UNGUARDED_AVAILABILITY = YES_AGGRESSIVE;
				CLANG_WARN_UNREACHABLE_CODE = YES;
				CLANG_WARN__DUPLICATE_METHOD_MATCH = YES;
				COPY_PHASE_STRIP = NO;
				DEBUG_INFORMATION_FORMAT = "dwarf-with-dsym";
				DEVELOPMENT_TEAM = X6B6C6U6QV;
				ENABLE_NS_ASSERTIONS = NO;
				ENABLE_STRICT_OBJC_MSGSEND = YES;
				ENABLE_USER_SCRIPT_SANDBOXING = YES;
				GCC_C_LANGUAGE_STANDARD = gnu17;
				GCC_NO_COMMON_BLOCKS = YES;
				GCC_WARN_64_TO_32_BIT_CONVERSION = YES;
				GCC_WARN_ABOUT_RETURN_TYPE = YES_ERROR;
				GCC_WARN_UNDECLARED_SELECTOR = YES;
				GCC_WARN_UNINITIALIZED_AUTOS = YES_AGGRESSIVE;
				GCC_WARN_UNUSED_FUNCTION = YES;
				GCC_WARN_UNUSED_VARIABLE = YES;
				LOCALIZATION_PREFERS_STRING_CATALOGS = YES;
				MACOSX_DEPLOYMENT_TARGET = 10.15;
				MTL_ENABLE_DEBUG_INFO = NO;
				MTL_FAST_MATH = YES;
				SDKROOT = macosx;
				SWIFT_COMPILATION_MODE = wholemodule;
			};
			name = Release;
		};
		95AE16F02F67164900543FCE /* Debug */ = {
			isa = XCBuildConfiguration;
			buildSettings = {
				ASSETCATALOG_COMPILER_APPICON_NAME = AppIcon;
				ASSETCATALOG_COMPILER_GLOBAL_ACCENT_COLOR_NAME = AccentColor;
				CODE_SIGNING_ALLOWED = NO;
				CODE_SIGNING_REQUIRED = NO;
				CODE_SIGN_STYLE = Automatic;
				COMBINE_HIDPI_IMAGES = YES;
				CURRENT_PROJECT_VERSION = 7;
				DEVELOPMENT_TEAM = X6B6C6U6QV;
				ENABLE_APP_SANDBOX = NO;
				ENABLE_HARDENED_RUNTIME = YES;
				ENABLE_USER_SCRIPT_SANDBOXING = NO;
				ENABLE_USER_SELECTED_FILES = readwrite;
				GENERATE_INFOPLIST_FILE = NO;
				INFOPLIST_FILE = "ProfileSmith-Info.plist";
				LD_RUNPATH_SEARCH_PATHS = (
					"$(inherited)",
					"@executable_path/../Frameworks",
				);
				MACOSX_DEPLOYMENT_TARGET = 10.15;
				MARKETING_VERSION = 1.3.0;
				PRODUCT_BUNDLE_IDENTIFIER = cn.vanjay.ProfileSmith;
				PRODUCT_NAME = "$(TARGET_NAME)";
				STRING_CATALOG_GENERATE_SYMBOLS = YES;
				SWIFT_APPROACHABLE_CONCURRENCY = YES;
				SWIFT_DEFAULT_ACTOR_ISOLATION = MainActor;
				SWIFT_EMIT_CONST_VALUE_PROTOCOLS = "";
				SWIFT_EMIT_LOC_STRINGS = YES;
				SWIFT_UPCOMING_FEATURE_MEMBER_IMPORT_VISIBILITY = YES;
				SWIFT_VERSION = 5.0;
			};
			name = Debug;
		};
		95AE16F12F67164900543FCE /* Release */ = {
			isa = XCBuildConfiguration;
			buildSettings = {
				ASSETCATALOG_COMPILER_APPICON_NAME = AppIcon;
				ASSETCATALOG_COMPILER_GLOBAL_ACCENT_COLOR_NAME = AccentColor;
				CODE_SIGN_STYLE = Automatic;
				COMBINE_HIDPI_IMAGES = YES;
				CURRENT_PROJECT_VERSION = 7;
				DEVELOPMENT_TEAM = X6B6C6U6QV;
				ENABLE_APP_SANDBOX = NO;
				ENABLE_HARDENED_RUNTIME = YES;
				ENABLE_USER_SCRIPT_SANDBOXING = NO;
				ENABLE_USER_SELECTED_FILES = readwrite;
				GENERATE_INFOPLIST_FILE = NO;
				INFOPLIST_FILE = "ProfileSmith-Info.plist";
				LD_RUNPATH_SEARCH_PATHS = (
					"$(inherited)",
					"@executable_path/../Frameworks",
				);
				MACOSX_DEPLOYMENT_TARGET = 10.15;
				MARKETING_VERSION = 1.3.0;
				PRODUCT_BUNDLE_IDENTIFIER = cn.vanjay.ProfileSmith;
				PRODUCT_NAME = "$(TARGET_NAME)";
				STRING_CATALOG_GENERATE_SYMBOLS = YES;
				SWIFT_APPROACHABLE_CONCURRENCY = YES;
				SWIFT_DEFAULT_ACTOR_ISOLATION = MainActor;
				SWIFT_EMIT_CONST_VALUE_PROTOCOLS = "";
				SWIFT_EMIT_LOC_STRINGS = YES;
				SWIFT_UPCOMING_FEATURE_MEMBER_IMPORT_VISIBILITY = YES;
				SWIFT_VERSION = 5.0;
			};
			name = Release;
		};
		95AE16F32F67164900543FCE /* Debug */ = {
			isa = XCBuildConfiguration;
			buildSettings = {
				BUNDLE_LOADER = "$(TEST_HOST)";
				CODE_SIGNING_ALLOWED = NO;
				CODE_SIGNING_REQUIRED = NO;
				CODE_SIGN_STYLE = Automatic;
				CURRENT_PROJECT_VERSION = 7;
				DEVELOPMENT_TEAM = X6B6C6U6QV;
				GENERATE_INFOPLIST_FILE = YES;
				MACOSX_DEPLOYMENT_TARGET = 14.0;
				MARKETING_VERSION = 1.3.0;
				PRODUCT_BUNDLE_IDENTIFIER = cn.vanjay.ProfileSmithTests;
				PRODUCT_NAME = "$(TARGET_NAME)";
				STRING_CATALOG_GENERATE_SYMBOLS = NO;
				SWIFT_APPROACHABLE_CONCURRENCY = YES;
				SWIFT_EMIT_LOC_STRINGS = NO;
				SWIFT_UPCOMING_FEATURE_MEMBER_IMPORT_VISIBILITY = YES;
				SWIFT_VERSION = 5.0;
				TEST_HOST = "$(BUILT_PRODUCTS_DIR)/ProfileSmith.app/$(BUNDLE_EXECUTABLE_FOLDER_PATH)/ProfileSmith";
			};
			name = Debug;
		};
		95AE16F42F67164900543FCE /* Release */ = {
			isa = XCBuildConfiguration;
			buildSettings = {
				BUNDLE_LOADER = "$(TEST_HOST)";
				CODE_SIGN_STYLE = Automatic;
				CURRENT_PROJECT_VERSION = 7;
				DEVELOPMENT_TEAM = X6B6C6U6QV;
				GENERATE_INFOPLIST_FILE = YES;
				MACOSX_DEPLOYMENT_TARGET = 14.0;
				MARKETING_VERSION = 1.3.0;
				PRODUCT_BUNDLE_IDENTIFIER = cn.vanjay.ProfileSmithTests;
				PRODUCT_NAME = "$(TARGET_NAME)";
				STRING_CATALOG_GENERATE_SYMBOLS = NO;
				SWIFT_APPROACHABLE_CONCURRENCY = YES;
				SWIFT_EMIT_LOC_STRINGS = NO;
				SWIFT_UPCOMING_FEATURE_MEMBER_IMPORT_VISIBILITY = YES;
				SWIFT_VERSION = 5.0;
				TEST_HOST = "$(BUILT_PRODUCTS_DIR)/ProfileSmith.app/$(BUNDLE_EXECUTABLE_FOLDER_PATH)/ProfileSmith";
			};
			name = Release;
		};
		95AE16F62F67164900543FCE /* Debug */ = {
			isa = XCBuildConfiguration;
			buildSettings = {
				CODE_SIGN_STYLE = Automatic;
				CURRENT_PROJECT_VERSION = 7;
				DEVELOPMENT_TEAM = X6B6C6U6QV;
				GENERATE_INFOPLIST_FILE = YES;
				MACOSX_DEPLOYMENT_TARGET = 14.0;
				MARKETING_VERSION = 1.3.0;
				PRODUCT_BUNDLE_IDENTIFIER = cn.vanjay.ProfileSmithUITests;
				PRODUCT_NAME = "$(TARGET_NAME)";
				STRING_CATALOG_GENERATE_SYMBOLS = NO;
				SWIFT_APPROACHABLE_CONCURRENCY = YES;
				SWIFT_EMIT_LOC_STRINGS = NO;
				SWIFT_UPCOMING_FEATURE_MEMBER_IMPORT_VISIBILITY = YES;
				SWIFT_VERSION = 5.0;
				TEST_TARGET_NAME = ProfileSmith;
			};
			name = Debug;
		};
		95AE16F72F67164900543FCE /* Release */ = {
			isa = XCBuildConfiguration;
			buildSettings = {
				CODE_SIGN_STYLE = Automatic;
				CURRENT_PROJECT_VERSION = 7;
				DEVELOPMENT_TEAM = X6B6C6U6QV;
				GENERATE_INFOPLIST_FILE = YES;
				MACOSX_DEPLOYMENT_TARGET = 14.0;
				MARKETING_VERSION = 1.3.0;
				PRODUCT_BUNDLE_IDENTIFIER = cn.vanjay.ProfileSmithUITests;
				PRODUCT_NAME = "$(TARGET_NAME)";
				STRING_CATALOG_GENERATE_SYMBOLS = NO;
				SWIFT_APPROACHABLE_CONCURRENCY = YES;
				SWIFT_EMIT_LOC_STRINGS = NO;
				SWIFT_UPCOMING_FEATURE_MEMBER_IMPORT_VISIBILITY = YES;
				SWIFT_VERSION = 5.0;
				TEST_TARGET_NAME = ProfileSmith;
			};
			name = Release;
		};
/* End XCBuildConfiguration section */

/* Begin XCConfigurationList section */
		95AE16C32F67164700543FCE /* Build configuration list for PBXProject "ProfileSmith" */ = {
			isa = XCConfigurationList;
			buildConfigurations = (
				95AE16ED2F67164900543FCE /* Debug */,
				95AE16EE2F67164900543FCE /* Release */,
			);
			defaultConfigurationIsVisible = 0;
			defaultConfigurationName = Release;
		};
		95AE16EF2F67164900543FCE /* Build configuration list for PBXNativeTarget "ProfileSmith" */ = {
			isa = XCConfigurationList;
			buildConfigurations = (
				95AE16F02F67164900543FCE /* Debug */,
				95AE16F12F67164900543FCE /* Release */,
			);
			defaultConfigurationIsVisible = 0;
			defaultConfigurationName = Release;
		};
		95AE16F22F67164900543FCE /* Build configuration list for PBXNativeTarget "ProfileSmithTests" */ = {
			isa = XCConfigurationList;
			buildConfigurations = (
				95AE16F32F67164900543FCE /* Debug */,
				95AE16F42F67164900543FCE /* Release */,
			);
			defaultConfigurationIsVisible = 0;
			defaultConfigurationName = Release;
		};
		95AE16F52F67164900543FCE /* Build configuration list for PBXNativeTarget "ProfileSmithUITests" */ = {
			isa = XCConfigurationList;
			buildConfigurations = (
				95AE16F62F67164900543FCE /* Debug */,
				95AE16F72F67164900543FCE /* Release */,
			);
			defaultConfigurationIsVisible = 0;
			defaultConfigurationName = Release;
		};
/* End XCConfigurationList section */

/* Begin XCLocalSwiftPackageReference section */
		A1B2C3D82F6A000000543FCE /* XCLocalSwiftPackageReference "Vendor/SnapKit" */ = {
			isa = XCLocalSwiftPackageReference;
			relativePath = Vendor/SnapKit;
		};
		A1B2C3D92F6A000000543FCE /* XCLocalSwiftPackageReference "Vendor/GRDB.swift" */ = {
			isa = XCLocalSwiftPackageReference;
			relativePath = Vendor/GRDB.swift;
		};
		A1B2C3DA2F6A000000543FCE /* XCLocalSwiftPackageReference "Vendor/Sparkle" */ = {
			isa = XCLocalSwiftPackageReference;
			relativePath = Vendor/Sparkle;
		};
/* End XCLocalSwiftPackageReference section */

/* Begin XCSwiftPackageProductDependency section */
		A1B2C3DB2F6A000000543FCE /* SnapKit */ = {
			isa = XCSwiftPackageProductDependency;
			package = A1B2C3D82F6A000000543FCE /* XCLocalSwiftPackageReference "Vendor/SnapKit" */;
			productName = SnapKit;
		};
		A1B2C3DC2F6A000000543FCE /* GRDB */ = {
			isa = XCSwiftPackageProductDependency;
			package = A1B2C3D92F6A000000543FCE /* XCLocalSwiftPackageReference "Vendor/GRDB.swift" */;
			productName = GRDB;
		};
		A1B2C3DD2F6A000000543FCE /* Sparkle */ = {
			isa = XCSwiftPackageProductDependency;
			package = A1B2C3DA2F6A000000543FCE /* XCLocalSwiftPackageReference "Vendor/Sparkle" */;
			productName = Sparkle;
		};
/* End XCSwiftPackageProductDependency section */
	};
	rootObject = 95AE16C02F67164700543FCE /* Project object */;
}
