// !$*UTF8*$!
{
	archiveVersion = 1;
	classes = {
	};
	objectVersion = 46;
	objects = {

/* Begin PBXBuildFile section */
		0DC2ABA7C12DDDEDE40DF163 /* QuickLookInspector.swift in Sources */ = {isa = PBXBuildFile; fileRef = 3E8FABFF0A55B3AB385D83CB /* QuickLookInspector.swift */; };
		28EFA63C93B7031DD56B452B /* Quartz.framework in Frameworks */ = {isa = PBXBuildFile; fileRef = 6BB9819B88846C2B52539137 /* Quartz.framework */; };
		526DFC4035E20DBB9E7E70A1 /* QuickLookInspection.swift in Sources */ = {isa = PBXBuildFile; fileRef = 7372A3A871BF1157B77E6A1B /* QuickLookInspection.swift */; };
		80AE75822B110E687727841B /* PreviewProvider.swift in Sources */ = {isa = PBXBuildFile; fileRef = 307FF2A386BCAE5AD1B51995 /* PreviewProvider.swift */; };
		FCCE85A32F04E49B94A7EF54 /* Cocoa.framework in Frameworks */ = {isa = PBXBuildFile; fileRef = 94BA70CF0B52799D20021BB0 /* Cocoa.framework */; };
/* End PBXBuildFile section */

/* Begin PBXFileReference section */
		0AA176A0AA5ABAB8AF04A886 /* ProfileSmithQuickLookPreview.appex */ = {isa = PBXFileReference; explicitFileType = "wrapper.app-extension"; includeInIndex = 0; path = ProfileSmithQuickLookPreview.appex; sourceTree = BUILT_PRODUCTS_DIR; };
		307FF2A386BCAE5AD1B51995 /* PreviewProvider.swift */ = {isa = PBXFileReference; includeInIndex = 1; lastKnownFileType = sourcecode.swift; path = PreviewProvider.swift; sourceTree = "<group>"; };
		379C91F7DA628A7824B17015 /* Info.plist */ = {isa = PBXFileReference; includeInIndex = 1; lastKnownFileType = text.plist.xml; path = Info.plist; sourceTree = "<group>"; };
		3E8FABFF0A55B3AB385D83CB /* QuickLookInspector.swift */ = {isa = PBXFileReference; includeInIndex = 1; lastKnownFileType = sourcecode.swift; path = QuickLookInspector.swift; sourceTree = "<group>"; };
		6BB9819B88846C2B52539137 /* Quartz.framework */ = {isa = PBXFileReference; lastKnownFileType = wrapper.framework; name = Quartz.framework; path = Platforms/MacOSX.platform/Developer/SDKs/MacOSX15.0.sdk/System/Library/Frameworks/Quartz.framework; sourceTree = DEVELOPER_DIR; };
		7372A3A871BF1157B77E6A1B /* QuickLookInspection.swift */ = {isa = PBXFileReference; includeInIndex = 1; lastKnownFileType = sourcecode.swift; path = QuickLookInspection.swift; sourceTree = "<group>"; };
		94BA70CF0B52799D20021BB0 /* Cocoa.framework */ = {isa = PBXFileReference; lastKnownFileType = wrapper.framework; name = Cocoa.framework; path = Platforms/MacOSX.platform/Developer/SDKs/MacOSX15.0.sdk/System/Library/Frameworks/Cocoa.framework; sourceTree = DEVELOPER_DIR; };
/* End PBXFileReference section */

/* Begin PBXFrameworksBuildPhase section */
		0AAEDE22396017F94A4301ED /* Frameworks */ = {
			isa = PBXFrameworksBuildPhase;
			buildActionMask = 2147483647;
			files = (
				FCCE85A32F04E49B94A7EF54 /* Cocoa.framework in Frameworks */,
				28EFA63C93B7031DD56B452B /* Quartz.framework in Frameworks */,
			);
			runOnlyForDeploymentPostprocessing = 0;
		};
/* End PBXFrameworksBuildPhase section */

/* Begin PBXGroup section */
		01A21DA461D5B2E02B19625F /* Shared */ = {
			isa = PBXGroup;
			children = (
				7372A3A871BF1157B77E6A1B /* QuickLookInspection.swift */,
				3E8FABFF0A55B3AB385D83CB /* QuickLookInspector.swift */,
			);
			name = Shared;
			path = Shared;
			sourceTree = "<group>";
		};
		4C01DDD308DD5D4ECA37FF26 = {
			isa = PBXGroup;
			children = (
				68545EB3A413DC321916D52B /* Products */,
				6258045533DC33D96AD10306 /* Frameworks */,
				01A21DA461D5B2E02B19625F /* Shared */,
				CE1750518365659930CF7331 /* Preview */,
			);
			sourceTree = "<group>";
		};
		6258045533DC33D96AD10306 /* Frameworks */ = {
			isa = PBXGroup;
			children = (
				818207FA55DB01EC4E172F8D /* OS X */,
			);
			name = Frameworks;
			sourceTree = "<group>";
		};
		68545EB3A413DC321916D52B /* Products */ = {
			isa = PBXGroup;
			children = (
				0AA176A0AA5ABAB8AF04A886 /* ProfileSmithQuickLookPreview.appex */,
			);
			name = Products;
			sourceTree = "<group>";
		};
		818207FA55DB01EC4E172F8D /* OS X */ = {
			isa = PBXGroup;
			children = (
				94BA70CF0B52799D20021BB0 /* Cocoa.framework */,
				6BB9819B88846C2B52539137 /* Quartz.framework */,
			);
			name = "OS X";
			sourceTree = "<group>";
		};
		CE1750518365659930CF7331 /* Preview */ = {
			isa = PBXGroup;
			children = (
				307FF2A386BCAE5AD1B51995 /* PreviewProvider.swift */,
				379C91F7DA628A7824B17015 /* Info.plist */,
			);
			name = Preview;
			path = Preview;
			sourceTree = "<group>";
		};
/* End PBXGroup section */

/* Begin PBXNativeTarget section */
		79ECD954A003497CFE47C122 /* ProfileSmithQuickLookPreview */ = {
			isa = PBXNativeTarget;
			buildConfigurationList = 31AC28CD39CF4A12EDBDF71C /* Build configuration list for PBXNativeTarget "ProfileSmithQuickLookPreview" */;
			buildPhases = (
				0C0721FA1717335CB70A0F8D /* Sources */,
				0AAEDE22396017F94A4301ED /* Frameworks */,
				C47DC1894E9A7420C053B16C /* Resources */,
			);
			buildRules = (
			);
			dependencies = (
			);
			name = ProfileSmithQuickLookPreview;
			productName = ProfileSmithQuickLookPreview;
			productReference = 0AA176A0AA5ABAB8AF04A886 /* ProfileSmithQuickLookPreview.appex */;
			productType = "com.apple.product-type.app-extension";
		};
/* End PBXNativeTarget section */

/* Begin PBXProject section */
		23224A3969B21EA40897EA33 /* Project object */ = {
			isa = PBXProject;
			attributes = {
				LastSwiftUpdateCheck = 2630;
				LastUpgradeCheck = 2630;
				TargetAttributes = {
					79ECD954A003497CFE47C122 = {
						CreatedOnToolsVersion = 26.3;
					};
				};
			};
			buildConfigurationList = 2A744195BCD115DAACE075CB /* Build configuration list for PBXProject "ProfileSmithQuickLookExtensions" */;
			compatibilityVersion = "Xcode 3.2";
			developmentRegion = en;
			hasScannedForEncodings = 0;
			knownRegions = (
				en,
				Base,
			);
			mainGroup = 4C01DDD308DD5D4ECA37FF26;
			minimizedProjectReferenceProxies = 0;
			preferredProjectObjectVersion = 77;
			productRefGroup = 68545EB3A413DC321916D52B /* Products */;
			projectDirPath = "";
			projectRoot = "";
			targets = (
				79ECD954A003497CFE47C122 /* ProfileSmithQuickLookPreview */,
			);
		};
/* End PBXProject section */

/* Begin PBXResourcesBuildPhase section */
		C47DC1894E9A7420C053B16C /* Resources */ = {
			isa = PBXResourcesBuildPhase;
			buildActionMask = 2147483647;
			files = (
			);
			runOnlyForDeploymentPostprocessing = 0;
		};
/* End PBXResourcesBuildPhase section */

/* Begin PBXSourcesBuildPhase section */
		0C0721FA1717335CB70A0F8D /* Sources */ = {
			isa = PBXSourcesBuildPhase;
			buildActionMask = 2147483647;
			files = (
				526DFC4035E20DBB9E7E70A1 /* QuickLookInspection.swift in Sources */,
				0DC2ABA7C12DDDEDE40DF163 /* QuickLookInspector.swift in Sources */,
				80AE75822B110E687727841B /* PreviewProvider.swift in Sources */,
			);
			runOnlyForDeploymentPostprocessing = 0;
		};
/* End PBXSourcesBuildPhase section */

/* Begin XCBuildConfiguration section */
		6BF0C69034600B66FBA88F09 /* Release */ = {
			isa = XCBuildConfiguration;
			buildSettings = {
				APPLICATION_EXTENSION_API_ONLY = YES;
				CLANG_ENABLE_OBJC_WEAK = NO;
				CODE_SIGN_ENTITLEMENTS = Preview/ProfileSmithQuickLookPreview.entitlements;
				CODE_SIGN_STYLE = Automatic;
				COMBINE_HIDPI_IMAGES = YES;
				CURRENT_PROJECT_VERSION = 8;
				DEVELOPMENT_TEAM = X6B6C6U6QV;
				ENABLE_APP_SANDBOX = YES;
				ENABLE_HARDENED_RUNTIME = YES;
				ENABLE_USER_SELECTED_FILES = readonly;
				GENERATE_INFOPLIST_FILE = NO;
				INFOPLIST_FILE = Preview/Info.plist;
				MACOSX_DEPLOYMENT_TARGET = 10.15;
				MARKETING_VERSION = 1.4.0;
				PRODUCT_BUNDLE_IDENTIFIER = cn.vanjay.ProfileSmith.QuickLookPreview;
				PRODUCT_NAME = ProfileSmithQuickLookPreview;
				SDKROOT = macosx;
				SKIP_INSTALL = YES;
				SUPPORTED_PLATFORMS = macosx;
				SWIFT_VERSION = 5.0;
			};
			name = Release;
		};
		9936FC7B8A2EBAC1B723009C /* Release */ = {
			isa = XCBuildConfiguration;
			buildSettings = {
				ALWAYS_SEARCH_USER_PATHS = NO;
				CLANG_ANALYZER_NONNULL = YES;
				CLANG_ANALYZER_NUMBER_OBJECT_CONVERSION = YES_AGGRESSIVE;
				CLANG_CXX_LANGUAGE_STANDARD = "gnu++14";
				CLANG_CXX_LIBRARY = "libc++";
				CLANG_ENABLE_MODULES = YES;
				CLANG_ENABLE_OBJC_ARC = YES;
				CLANG_ENABLE_OBJC_WEAK = YES;
				CLANG_WARN_BLOCK_CAPTURE_AUTORELEASING = YES;
				CLANG_WARN_BOOL_CONVERSION = YES;
				CLANG_WARN_COMMA = YES;
				CLANG_WARN_CONSTANT_CONVERSION = YES;
				CLANG_WARN_DEPRECATED_OBJC_IMPLEMENTATIONS = YES;
				CLANG_WARN_DIRECT_OBJC_ISA_USAGE = YES_ERROR;
				CLANG_WARN_DOCUMENTATION_COMMENTS = YES;
				CLANG_WARN_EMPTY_BODY = YES;
				CLANG_WARN_ENUM_CONVERSION = YES;
				CLANG_WARN_INFINITE_RECURSION = YES;
				CLANG_WARN_INT_CONVERSION = YES;
				CLANG_WARN_NON_LITERAL_NULL_CONVERSION = YES;
				CLANG_WARN_OBJC_IMPLICIT_RETAIN_SELF = YES;
				CLANG_WARN_OBJC_LITERAL_CONVERSION = YES;
				CLANG_WARN_OBJC_ROOT_CLASS = YES_ERROR;
				CLANG_WARN_QUOTED_INCLUDE_IN_FRAMEWORK_HEADER = YES;
				CLANG_WARN_RANGE_LOOP_ANALYSIS = YES;
				CLANG_WARN_STRICT_PROTOTYPES = YES;
				CLANG_WARN_SUSPICIOUS_MOVE = YES;
				CLANG_WARN_UNGUARDED_AVAILABILITY = YES_AGGRESSIVE;
				CLANG_WARN_UNREACHABLE_CODE = YES;
				CLANG_WARN__DUPLICATE_METHOD_MATCH = YES;
				COPY_PHASE_STRIP = NO;
				DEBUG_INFORMATION_FORMAT = "dwarf-with-dsym";
				ENABLE_NS_ASSERTIONS = NO;
				ENABLE_STRICT_OBJC_MSGSEND = YES;
				GCC_C_LANGUAGE_STANDARD = gnu11;
				GCC_NO_COMMON_BLOCKS = YES;
				GCC_WARN_64_TO_32_BIT_CONVERSION = YES;
				GCC_WARN_ABOUT_RETURN_TYPE = YES_ERROR;
				GCC_WARN_UNDECLARED_SELECTOR = YES;
				GCC_WARN_UNINITIALIZED_AUTOS = YES_AGGRESSIVE;
				GCC_WARN_UNUSED_FUNCTION = YES;
				GCC_WARN_UNUSED_VARIABLE = YES;
				MTL_ENABLE_DEBUG_INFO = NO;
				MTL_FAST_MATH = YES;
				PRODUCT_NAME = "$(TARGET_NAME)";
				SWIFT_COMPILATION_MODE = wholemodule;
				SWIFT_OPTIMIZATION_LEVEL = "-O";
				SWIFT_VERSION = 5.0;
			};
			name = Release;
		};
		A35B40B82CB95227AC1D1442 /* Debug */ = {
			isa = XCBuildConfiguration;
			buildSettings = {
				APPLICATION_EXTENSION_API_ONLY = YES;
				CLANG_ENABLE_OBJC_WEAK = NO;
				CODE_SIGN_ENTITLEMENTS = Preview/ProfileSmithQuickLookPreview.entitlements;
				CODE_SIGN_STYLE = Automatic;
				COMBINE_HIDPI_IMAGES = YES;
				CURRENT_PROJECT_VERSION = 8;
				DEVELOPMENT_TEAM = X6B6C6U6QV;
				ENABLE_APP_SANDBOX = YES;
				ENABLE_HARDENED_RUNTIME = YES;
				ENABLE_USER_SELECTED_FILES = readonly;
				GENERATE_INFOPLIST_FILE = NO;
				INFOPLIST_FILE = Preview/Info.plist;
				MACOSX_DEPLOYMENT_TARGET = 10.15;
				MARKETING_VERSION = 1.4.0;
				PRODUCT_BUNDLE_IDENTIFIER = cn.vanjay.ProfileSmith.QuickLookPreview;
				PRODUCT_NAME = ProfileSmithQuickLookPreview;
				SDKROOT = macosx;
				SKIP_INSTALL = YES;
				SUPPORTED_PLATFORMS = macosx;
				SWIFT_VERSION = 5.0;
			};
			name = Debug;
		};
		CC0FA6D529D3521A70CD5201 /* Debug */ = {
			isa = XCBuildConfiguration;
			buildSettings = {
				ALWAYS_SEARCH_USER_PATHS = NO;
				CLANG_ANALYZER_NONNULL = YES;
				CLANG_ANALYZER_NUMBER_OBJECT_CONVERSION = YES_AGGRESSIVE;
				CLANG_CXX_LANGUAGE_STANDARD = "gnu++14";
				CLANG_CXX_LIBRARY = "libc++";
				CLANG_ENABLE_MODULES = YES;
				CLANG_ENABLE_OBJC_ARC = YES;
				CLANG_ENABLE_OBJC_WEAK = YES;
				CLANG_WARN_BLOCK_CAPTURE_AUTORELEASING = YES;
				CLANG_WARN_BOOL_CONVERSION = YES;
				CLANG_WARN_COMMA = YES;
				CLANG_WARN_CONSTANT_CONVERSION = YES;
				CLANG_WARN_DEPRECATED_OBJC_IMPLEMENTATIONS = YES;
				CLANG_WARN_DIRECT_OBJC_ISA_USAGE = YES_ERROR;
				CLANG_WARN_DOCUMENTATION_COMMENTS = YES;
				CLANG_WARN_EMPTY_BODY = YES;
				CLANG_WARN_ENUM_CONVERSION = YES;
				CLANG_WARN_INFINITE_RECURSION = YES;
				CLANG_WARN_INT_CONVERSION = YES;
				CLANG_WARN_NON_LITERAL_NULL_CONVERSION = YES;
				CLANG_WARN_OBJC_IMPLICIT_RETAIN_SELF = YES;
				CLANG_WARN_OBJC_LITERAL_CONVERSION = YES;
				CLANG_WARN_OBJC_ROOT_CLASS = YES_ERROR;
				CLANG_WARN_QUOTED_INCLUDE_IN_FRAMEWORK_HEADER = YES;
				CLANG_WARN_RANGE_LOOP_ANALYSIS = YES;
				CLANG_WARN_STRICT_PROTOTYPES = YES;
				CLANG_WARN_SUSPICIOUS_MOVE = YES;
				CLANG_WARN_UNGUARDED_AVAILABILITY = YES_AGGRESSIVE;
				CLANG_WARN_UNREACHABLE_CODE = YES;
				CLANG_WARN__DUPLICATE_METHOD_MATCH = YES;
				COPY_PHASE_STRIP = NO;
				DEBUG_INFORMATION_FORMAT = dwarf;
				ENABLE_STRICT_OBJC_MSGSEND = YES;
				ENABLE_TESTABILITY = YES;
				GCC_C_LANGUAGE_STANDARD = gnu11;
				GCC_DYNAMIC_NO_PIC = NO;
				GCC_NO_COMMON_BLOCKS = YES;
				GCC_OPTIMIZATION_LEVEL = 0;
				GCC_PREPROCESSOR_DEFINITIONS = (
					"DEBUG=1",
					"$(inherited)",
				);
				GCC_WARN_64_TO_32_BIT_CONVERSION = YES;
				GCC_WARN_ABOUT_RETURN_TYPE = YES_ERROR;
				GCC_WARN_UNDECLARED_SELECTOR = YES;
				GCC_WARN_UNINITIALIZED_AUTOS = YES_AGGRESSIVE;
				GCC_WARN_UNUSED_FUNCTION = YES;
				GCC_WARN_UNUSED_VARIABLE = YES;
				MTL_ENABLE_DEBUG_INFO = INCLUDE_SOURCE;
				MTL_FAST_MATH = YES;
				ONLY_ACTIVE_ARCH = YES;
				PRODUCT_NAME = "$(TARGET_NAME)";
				SWIFT_ACTIVE_COMPILATION_CONDITIONS = DEBUG;
				SWIFT_OPTIMIZATION_LEVEL = "-Onone";
				SWIFT_VERSION = 5.0;
			};
			name = Debug;
		};
/* End XCBuildConfiguration section */

/* Begin XCConfigurationList section */
		2A744195BCD115DAACE075CB /* Build configuration list for PBXProject "ProfileSmithQuickLookExtensions" */ = {
			isa = XCConfigurationList;
			buildConfigurations = (
				CC0FA6D529D3521A70CD5201 /* Debug */,
				9936FC7B8A2EBAC1B723009C /* Release */,
			);
			defaultConfigurationIsVisible = 0;
			defaultConfigurationName = Release;
		};
		31AC28CD39CF4A12EDBDF71C /* Build configuration list for PBXNativeTarget "ProfileSmithQuickLookPreview" */ = {
			isa = XCConfigurationList;
			buildConfigurations = (
				6BF0C69034600B66FBA88F09 /* Release */,
				A35B40B82CB95227AC1D1442 /* Debug */,
			);
			defaultConfigurationIsVisible = 0;
			defaultConfigurationName = Release;
		};
/* End XCConfigurationList section */
	};
	rootObject = 23224A3969B21EA40897EA33 /* Project object */;
}
